Microsoft Visual Studio Solution File, Format Version 12.00
# Visual Studio Version 17
VisualStudioVersion = 17.5.2.0
MinimumVisualStudioVersion = 10.0.40219.1
Project("{FAE04EC0-301F-11D3-BF4B-00C04F79EFBC}") = "3DSFinalV", "3DSFinalV.csproj", "{6BD1CACF-86DF-1835-57B2-CF19B5FE24CD}"
EndProject
Global
	GlobalSection(SolutionConfigurationPlatforms) = preSolution
		Debug|Any CPU = Debug|Any CPU
		Release|Any CPU = Release|Any CPU
	EndGlobalSection
	GlobalSection(ProjectConfigurationPlatforms) = postSolution
		{6BD1CACF-86DF-1835-57B2-CF19B5FE24CD}.Debug|Any CPU.ActiveCfg = Debug|Any CPU
		{6BD1CACF-86DF-1835-57B2-CF19B5FE24CD}.Debug|Any CPU.Build.0 = Debug|Any CPU
		{6BD1CACF-86DF-1835-57B2-CF19B5FE24CD}.Release|Any CPU.ActiveCfg = Release|Any CPU
		{6BD1CACF-86DF-1835-57B2-CF19B5FE24CD}.Release|Any CPU.Build.0 = Release|Any CPU
	EndGlobalSection
	GlobalSection(SolutionProperties) = preSolution
		HideSolutionNode = FALSE
	EndGlobalSection
	GlobalSection(ExtensibilityGlobals) = postSolution
		SolutionGuid = {98FDF993-4D64-4E38-988A-E990D978440B}
	EndGlobalSection
EndGlobal
